
Microsoft Visual Studio Solution File, Format Version 12.00
# Visual Studio 2013
VisualStudioVersion = 12.0.31101.0
MinimumVisualStudioVersion = 10.0.40219.1
Project("{8BC9CEB8-8B4A-11D0-8D11-00A0C91BC942}") = "Dictionary", "Dictionary\Dictionary.vcxproj", "{F12388D8-7F9D-4724-986C-3A69D666F047}"
EndProject
Project("{8BC9CEB8-8B4A-11D0-8D11-00A0C91BC942}") = "DictionaryTester", "DictionaryTester\DictionaryTester.vcxproj", "{86C904DA-52B3-4C6D-A5E8-FFC678D1F12A}"
EndProject
Global
	GlobalSection(SolutionConfigurationPlatforms) = preSolution
		Debug|Win32 = Debug|Win32
		Release|Win32 = Release|Win32
	EndGlobalSection
	GlobalSection(ProjectConfigurationPlatforms) = postSolution
		{F12388D8-7F9D-4724-986C-3A69D666F047}.Debug|Win32.ActiveCfg = Debug|Win32
		{F12388D8-7F9D-4724-986C-3A69D666F047}.Debug|Win32.Build.0 = Debug|Win32
		{F12388D8-7F9D-4724-986C-3A69D666F047}.Release|Win32.ActiveCfg = Release|Win32
		{F12388D8-7F9D-4724-986C-3A69D666F047}.Release|Win32.Build.0 = Release|Win32
		{86C904DA-52B3-4C6D-A5E8-FFC678D1F12A}.Debug|Win32.ActiveCfg = Debug|Win32
		{86C904DA-52B3-4C6D-A5E8-FFC678D1F12A}.Debug|Win32.Build.0 = Debug|Win32
		{86C904DA-52B3-4C6D-A5E8-FFC678D1F12A}.Release|Win32.ActiveCfg = Release|Win32
		{86C904DA-52B3-4C6D-A5E8-FFC678D1F12A}.Release|Win32.Build.0 = Release|Win32
	EndGlobalSection
	GlobalSection(SolutionProperties) = preSolution
		HideSolutionNode = FALSE
	EndGlobalSection
EndGlobal
